
Microsoft Visual Studio Solution File, Format Version 12.00
# Visual Studio Version 16
VisualStudioVersion = 16.0.28803.202
MinimumVisualStudioVersion = 10.0.40219.1
Project("{FAE04EC0-301F-11D3-BF4B-00C04F79EFBC}") = "Examples", "Examples\Examples.csproj", "{770D864E-9048-4672-81A3-57C80B5289CC}"
EndProject
Global
	GlobalSection(SolutionConfigurationPlatforms) = preSolution
		Debug|Any CPU = Debug|Any CPU
		Release|Any CPU = Release|Any CPU
	EndGlobalSection
	GlobalSection(ProjectConfigurationPlatforms) = postSolution
		{770D864E-9048-4672-81A3-57C80B5289CC}.Debug|Any CPU.ActiveCfg = Debug|Any CPU
		{770D864E-9048-4672-81A3-57C80B5289CC}.Debug|Any CPU.Build.0 = Debug|Any CPU
		{770D864E-9048-4672-81A3-57C80B5289CC}.Release|Any CPU.ActiveCfg = Release|Any CPU
		{770D864E-9048-4672-81A3-57C80B5289CC}.Release|Any CPU.Build.0 = Release|Any CPU
	EndGlobalSection
	GlobalSection(SolutionProperties) = preSolution
		HideSolutionNode = FALSE
	EndGlobalSection
	GlobalSection(ExtensibilityGlobals) = postSolution
		SolutionGuid = {3E50DEE5-F05C-418E-9669-9A490A34DDCF}
	EndGlobalSection
EndGlobal
